{
  "name": "web-app",
  "version": "1.0.0",
  "lockfileVersion": 3,
  "packages": {
    "": {
      "name": "web-app",
      "version": "1.0.0",
      "dependencies": {
        "package-a": "1.0.0",
        "package-b": "1.0.0",
        "shared": "2.0.0"
      }
    },
    "node_modules/package-a": {
      "version": "1.0.0",
      "resolved": "https://registry.npmjs.org/package-a/-/package-a-1.0.0.tgz",
      "dependencies": {
        "shared": "^1.0.0"
      }
    },
    "node_modules/package-a/node_modules/shared": {
      "version": "1.5.0",
      "resolved": "https://registry.npmjs.org/shared/-/shared-1.5.0.tgz"
    },
    "node_modules/package-b": {
      "version": "1.0.0",
      "resolved": "git+https://example.com/package-b.git",
      "dependencies": {
        "shared": "^2.0.0"
      }
    },
    "node_modules/shared": {
      "version": "2.1.0",
      "resolved": "https://registry.npmjs.org/shared/-/shared-2.1.0.tgz"
    }
  }
}
